

Terraform used the selected providers to generate the following execution plan. Resource actions are indicated with the
following symbols:
  + create

Terraform will perform the following actions:

  # aws_instance.ec2_instance will be created
  + resource "aws_instance" "ec2_instance" {
      + ec2_ami                                   = "ami-05d34d340fb1d89e5"
      + public_subnet_AZ                          = "eu-central-1a"
      + host_resource_group_arn                   = (known after apply)
      + iam_ec2_profile                           = (known after apply)
      + id                                        = (known after apply)
      + ec2_initiated_shutdown_behavior           = (known after apply)
      + ec2_type                                  = "t2.micro"
      + ec2_state                                 = (known after apply)
      + ec2_public_ip                             = (known after apply)
      + ec2_subnet_id                             = (known after apply)
      + env                                       = (known after apply)
      + public_vpc_id                             = (known after apply)
      + id                                        = (known after apply)
  }
  
Plan: 1 to add, 0 to change, 0 to destroy.
